
Microsoft Visual Studio Solution File, Format Version 12.00
# Visual Studio Version 17
VisualStudioVersion = 17.7.34202.233
MinimumVisualStudioVersion = 10.0.40219.1
Project("{54A90642-561A-4BB1-A94E-469ADEE60C69}") = "ManagementTool.UI.App", "ManagementTool.UI.App\ManagementTool.UI.App.esproj", "{D530DAC0-C7AC-48DC-A446-6BE3D55EE4D2}"
EndProject
Project("{9A19103F-16F7-4668-BE54-9A1E7A4F7556}") = "ManagementTool.UI.WebApi", "ManagementTool.UI.WebApi\ManagementTool.UI.WebApi.csproj", "{FF212991-9FC5-43BE-8FE2-74CE8B6175BA}"
EndProject
Global
	GlobalSection(SolutionConfigurationPlatforms) = preSolution
		Debug|Any CPU = Debug|Any CPU
		Release|Any CPU = Release|Any CPU
	EndGlobalSection
	GlobalSection(ProjectConfigurationPlatforms) = postSolution
		{D530DAC0-C7AC-48DC-A446-6BE3D55EE4D2}.Debug|Any CPU.ActiveCfg = Debug|Any CPU
		{D530DAC0-C7AC-48DC-A446-6BE3D55EE4D2}.Debug|Any CPU.Build.0 = Debug|Any CPU
		{D530DAC0-C7AC-48DC-A446-6BE3D55EE4D2}.Debug|Any CPU.Deploy.0 = Debug|Any CPU
		{D530DAC0-C7AC-48DC-A446-6BE3D55EE4D2}.Release|Any CPU.ActiveCfg = Release|Any CPU
		{D530DAC0-C7AC-48DC-A446-6BE3D55EE4D2}.Release|Any CPU.Build.0 = Release|Any CPU
		{D530DAC0-C7AC-48DC-A446-6BE3D55EE4D2}.Release|Any CPU.Deploy.0 = Release|Any CPU
		{FF212991-9FC5-43BE-8FE2-74CE8B6175BA}.Debug|Any CPU.ActiveCfg = Debug|Any CPU
		{FF212991-9FC5-43BE-8FE2-74CE8B6175BA}.Debug|Any CPU.Build.0 = Debug|Any CPU
		{FF212991-9FC5-43BE-8FE2-74CE8B6175BA}.Release|Any CPU.ActiveCfg = Release|Any CPU
		{FF212991-9FC5-43BE-8FE2-74CE8B6175BA}.Release|Any CPU.Build.0 = Release|Any CPU
	EndGlobalSection
	GlobalSection(SolutionProperties) = preSolution
		HideSolutionNode = FALSE
	EndGlobalSection
	GlobalSection(ExtensibilityGlobals) = postSolution
		SolutionGuid = {7F7A2D95-9ED2-44C3-8648-9AFE1193E3ED}
	EndGlobalSection
EndGlobal
